
Microsoft Visual Studio Solution File, Format Version 12.00
# Visual Studio Version 16
VisualStudioVersion = 16.0.30330.147
MinimumVisualStudioVersion = 10.0.40219.1
Project("{FAE04EC0-301F-11D3-BF4B-00C04F79EFBC}") = "socket programming", "socket programming\socket programming.csproj", "{557B6621-1F45-46D1-AEED-27D6D4E5F247}"
EndProject
Global
	GlobalSection(SolutionConfigurationPlatforms) = preSolution
		Debug|Any CPU = Debug|Any CPU
		Release|Any CPU = Release|Any CPU
	EndGlobalSection
	GlobalSection(ProjectConfigurationPlatforms) = postSolution
		{557B6621-1F45-46D1-AEED-27D6D4E5F247}.Debug|Any CPU.ActiveCfg = Debug|Any CPU
		{557B6621-1F45-46D1-AEED-27D6D4E5F247}.Debug|Any CPU.Build.0 = Debug|Any CPU
		{557B6621-1F45-46D1-AEED-27D6D4E5F247}.Release|Any CPU.ActiveCfg = Release|Any CPU
		{557B6621-1F45-46D1-AEED-27D6D4E5F247}.Release|Any CPU.Build.0 = Release|Any CPU
	EndGlobalSection
	GlobalSection(SolutionProperties) = preSolution
		HideSolutionNode = FALSE
	EndGlobalSection
	GlobalSection(ExtensibilityGlobals) = postSolution
		SolutionGuid = {B1BFDC52-B50A-4977-9703-CCA1A16DF4E5}
	EndGlobalSection
EndGlobal
