
Microsoft Visual Studio Solution File, Format Version 12.00
# Visual Studio Version 16
VisualStudioVersion = 16.0.30330.147
MinimumVisualStudioVersion = 10.0.40219.1
Project("{FAE04EC0-301F-11D3-BF4B-00C04F79EFBC}") = "Socket programmering server", "Socket programmering server\Socket programmering server.csproj", "{ED38613D-8230-48BF-9C9F-808F412436D5}"
EndProject
Global
	GlobalSection(SolutionConfigurationPlatforms) = preSolution
		Debug|Any CPU = Debug|Any CPU
		Release|Any CPU = Release|Any CPU
	EndGlobalSection
	GlobalSection(ProjectConfigurationPlatforms) = postSolution
		{ED38613D-8230-48BF-9C9F-808F412436D5}.Debug|Any CPU.ActiveCfg = Debug|Any CPU
		{ED38613D-8230-48BF-9C9F-808F412436D5}.Debug|Any CPU.Build.0 = Debug|Any CPU
		{ED38613D-8230-48BF-9C9F-808F412436D5}.Release|Any CPU.ActiveCfg = Release|Any CPU
		{ED38613D-8230-48BF-9C9F-808F412436D5}.Release|Any CPU.Build.0 = Release|Any CPU
	EndGlobalSection
	GlobalSection(SolutionProperties) = preSolution
		HideSolutionNode = FALSE
	EndGlobalSection
	GlobalSection(ExtensibilityGlobals) = postSolution
		SolutionGuid = {7137AF35-C3CC-4F4C-90B5-522020D3E9FF}
	EndGlobalSection
EndGlobal
